
Microsoft Visual Studio Solution File, Format Version 12.00
# Visual Studio Version 17
VisualStudioVersion = 17.12.35527.113 d17.12
MinimumVisualStudioVersion = 10.0.40219.1
Project("{FAE04EC0-301F-11D3-BF4B-00C04F79EFBC}") = "ProdutosApp.API", "ProdutosApp.API\ProdutosApp.API.csproj", "{24C492FC-2921-4F57-9932-6BC368130FDE}"
EndProject
Project("{FAE04EC0-301F-11D3-BF4B-00C04F79EFBC}") = "ProdutosApp.Data", "ProdutosApp.Data\ProdutosApp.Data.csproj", "{8752FFD6-4660-48EB-A3C6-6F26CF79F093}"
EndProject
Global
	GlobalSection(SolutionConfigurationPlatforms) = preSolution
		Debug|Any CPU = Debug|Any CPU
		Release|Any CPU = Release|Any CPU
	EndGlobalSection
	GlobalSection(ProjectConfigurationPlatforms) = postSolution
		{24C492FC-2921-4F57-9932-6BC368130FDE}.Debug|Any CPU.ActiveCfg = Debug|Any CPU
		{24C492FC-2921-4F57-9932-6BC368130FDE}.Debug|Any CPU.Build.0 = Debug|Any CPU
		{24C492FC-2921-4F57-9932-6BC368130FDE}.Release|Any CPU.ActiveCfg = Release|Any CPU
		{24C492FC-2921-4F57-9932-6BC368130FDE}.Release|Any CPU.Build.0 = Release|Any CPU
		{8752FFD6-4660-48EB-A3C6-6F26CF79F093}.Debug|Any CPU.ActiveCfg = Debug|Any CPU
		{8752FFD6-4660-48EB-A3C6-6F26CF79F093}.Debug|Any CPU.Build.0 = Debug|Any CPU
		{8752FFD6-4660-48EB-A3C6-6F26CF79F093}.Release|Any CPU.ActiveCfg = Release|Any CPU
		{8752FFD6-4660-48EB-A3C6-6F26CF79F093}.Release|Any CPU.Build.0 = Release|Any CPU
	EndGlobalSection
	GlobalSection(SolutionProperties) = preSolution
		HideSolutionNode = FALSE
	EndGlobalSection
EndGlobal
